// !$*UTF8*$!
{
	archiveVersion = 1;
	classes = {
	};
	objectVersion = 50;
	objects = {

/* Begin PBXBuildFile section */
		7643FDD7242B31A400EE548A /* MemeDetailsViewController.swift in Sources */ = {isa = PBXBuildFile; fileRef = 7643FDD6242B31A400EE548A /* MemeDetailsViewController.swift */; };
		7643FDD9242C316A00EE548A /* CollectionView.storyboard in Resources */ = {isa = PBXBuildFile; fileRef = 7643FDD8242C316A00EE548A /* CollectionView.storyboard */; };
		7643FDDB242C367800EE548A /* TableView.storyboard in Resources */ = {isa = PBXBuildFile; fileRef = 7643FDDA242C367800EE548A /* TableView.storyboard */; };
		766672EB242C38740052F1DE /* Main.storyboard in Resources */ = {isa = PBXBuildFile; fileRef = 766672EA242C38740052F1DE /* Main.storyboard */; };
		766672ED242C3CFF0052F1DE /* MemeDetails.storyboard in Resources */ = {isa = PBXBuildFile; fileRef = 766672EC242C3CFF0052F1DE /* MemeDetails.storyboard */; };
		767810312419E74D00D7C0C8 /* Meme.swift in Sources */ = {isa = PBXBuildFile; fileRef = 767810302419E74D00D7C0C8 /* Meme.swift */; };
		76A57E3A242343F800F3AACA /* MemeEditor.storyboard in Resources */ = {isa = PBXBuildFile; fileRef = 76A57E39242343F800F3AACA /* MemeEditor.storyboard */; };
		76C37E52241486C3003B66B9 /* AppDelegate.swift in Sources */ = {isa = PBXBuildFile; fileRef = 76C37E51241486C3003B66B9 /* AppDelegate.swift */; };
		76C37E54241486C3003B66B9 /* SceneDelegate.swift in Sources */ = {isa = PBXBuildFile; fileRef = 76C37E53241486C3003B66B9 /* SceneDelegate.swift */; };
		76C37E56241486C3003B66B9 /* EditorViewController.swift in Sources */ = {isa = PBXBuildFile; fileRef = 76C37E55241486C3003B66B9 /* EditorViewController.swift */; };
		76C37E5B241486C4003B66B9 /* Assets.xcassets in Resources */ = {isa = PBXBuildFile; fileRef = 76C37E5A241486C4003B66B9 /* Assets.xcassets */; };
		76C37E5E241486C4003B66B9 /* LaunchScreen.storyboard in Resources */ = {isa = PBXBuildFile; fileRef = 76C37E5C241486C4003B66B9 /* LaunchScreen.storyboard */; };
		76DB0FBC2424748D006CB091 /* TableViewController.swift in Sources */ = {isa = PBXBuildFile; fileRef = 76DB0FBB2424748D006CB091 /* TableViewController.swift */; };
		76DB0FC0242486A6006CB091 /* TableViewCell.swift in Sources */ = {isa = PBXBuildFile; fileRef = 76DB0FBF242486A6006CB091 /* TableViewCell.swift */; };
		76DB0FE82429AA58006CB091 /* CollectionViewController.swift in Sources */ = {isa = PBXBuildFile; fileRef = 76DB0FE72429AA58006CB091 /* CollectionViewController.swift */; };
		76DB0FEA2429AA92006CB091 /* CollectionViewCell.swift in Sources */ = {isa = PBXBuildFile; fileRef = 76DB0FE92429AA92006CB091 /* CollectionViewCell.swift */; };
/* End PBXBuildFile section */

/* Begin PBXFileReference section */
		7643FDD6242B31A400EE548A /* MemeDetailsViewController.swift */ = {isa = PBXFileReference; lastKnownFileType = sourcecode.swift; path = MemeDetailsViewController.swift; sourceTree = "<group>"; };
		7643FDD8242C316A00EE548A /* CollectionView.storyboard */ = {isa = PBXFileReference; lastKnownFileType = file.storyboard; path = CollectionView.storyboard; sourceTree = "<group>"; };
		7643FDDA242C367800EE548A /* TableView.storyboard */ = {isa = PBXFileReference; lastKnownFileType = file.storyboard; path = TableView.storyboard; sourceTree = "<group>"; };
		766672EA242C38740052F1DE /* Main.storyboard */ = {isa = PBXFileReference; fileEncoding = 4; lastKnownFileType = file.storyboard; path = Main.storyboard; sourceTree = "<group>"; };
		766672EC242C3CFF0052F1DE /* MemeDetails.storyboard */ = {isa = PBXFileReference; lastKnownFileType = file.storyboard; path = MemeDetails.storyboard; sourceTree = "<group>"; };
		767810302419E74D00D7C0C8 /* Meme.swift */ = {isa = PBXFileReference; lastKnownFileType = sourcecode.swift; path = Meme.swift; sourceTree = "<group>"; };
		76A57E39242343F800F3AACA /* MemeEditor.storyboard */ = {isa = PBXFileReference; lastKnownFileType = file.storyboard; path = MemeEditor.storyboard; sourceTree = "<group>"; };
		76C37E4E241486C3003B66B9 /* MemeMe App.app */ = {isa = PBXFileReference; explicitFileType = wrapper.application; includeInIndex = 0; path = "MemeMe App.app"; sourceTree = BUILT_PRODUCTS_DIR; };
		76C37E51241486C3003B66B9 /* AppDelegate.swift */ = {isa = PBXFileReference; lastKnownFileType = sourcecode.swift; path = AppDelegate.swift; sourceTree = "<group>"; };
		76C37E53241486C3003B66B9 /* SceneDelegate.swift */ = {isa = PBXFileReference; lastKnownFileType = sourcecode.swift; path = SceneDelegate.swift; sourceTree = "<group>"; };
		76C37E55241486C3003B66B9 /* EditorViewController.swift */ = {isa = PBXFileReference; lastKnownFileType = sourcecode.swift; path = EditorViewController.swift; sourceTree = "<group>"; };
		76C37E5A241486C4003B66B9 /* Assets.xcassets */ = {isa = PBXFileReference; lastKnownFileType = folder.assetcatalog; path = Assets.xcassets; sourceTree = "<group>"; };
		76C37E5D241486C4003B66B9 /* Base */ = {isa = PBXFileReference; lastKnownFileType = file.storyboard; name = Base; path = Base.lproj/LaunchScreen.storyboard; sourceTree = "<group>"; };
		76C37E5F241486C4003B66B9 /* Info.plist */ = {isa = PBXFileReference; lastKnownFileType = text.plist.xml; path = Info.plist; sourceTree = "<group>"; };
		76DB0FBB2424748D006CB091 /* TableViewController.swift */ = {isa = PBXFileReference; lastKnownFileType = sourcecode.swift; path = TableViewController.swift; sourceTree = "<group>"; };
		76DB0FBF242486A6006CB091 /* TableViewCell.swift */ = {isa = PBXFileReference; lastKnownFileType = sourcecode.swift; path = TableViewCell.swift; sourceTree = "<group>"; };
		76DB0FE72429AA58006CB091 /* CollectionViewController.swift */ = {isa = PBXFileReference; lastKnownFileType = sourcecode.swift; path = CollectionViewController.swift; sourceTree = "<group>"; };
		76DB0FE92429AA92006CB091 /* CollectionViewCell.swift */ = {isa = PBXFileReference; lastKnownFileType = sourcecode.swift; path = CollectionViewCell.swift; sourceTree = "<group>"; };
/* End PBXFileReference section */

/* Begin PBXFrameworksBuildPhase section */
		76C37E4B241486C3003B66B9 /* Frameworks */ = {
			isa = PBXFrameworksBuildPhase;
			buildActionMask = 2147483647;
			files = (
			);
			runOnlyForDeploymentPostprocessing = 0;
		};
/* End PBXFrameworksBuildPhase section */

/* Begin PBXGroup section */
		7640312A242342C900528065 /* storyboards */ = {
			isa = PBXGroup;
			children = (
				766672EA242C38740052F1DE /* Main.storyboard */,
				76C37E5C241486C4003B66B9 /* LaunchScreen.storyboard */,
				76A57E39242343F800F3AACA /* MemeEditor.storyboard */,
				7643FDD8242C316A00EE548A /* CollectionView.storyboard */,
				7643FDDA242C367800EE548A /* TableView.storyboard */,
				766672EC242C3CFF0052F1DE /* MemeDetails.storyboard */,
			);
			path = storyboards;
			sourceTree = "<group>";
		};
		76C37E45241486C3003B66B9 = {
			isa = PBXGroup;
			children = (
				76C37E50241486C3003B66B9 /* MemeMe App */,
				76C37E4F241486C3003B66B9 /* Products */,
			);
			sourceTree = "<group>";
		};
		76C37E4F241486C3003B66B9 /* Products */ = {
			isa = PBXGroup;
			children = (
				76C37E4E241486C3003B66B9 /* MemeMe App.app */,
			);
			name = Products;
			sourceTree = "<group>";
		};
		76C37E50241486C3003B66B9 /* MemeMe App */ = {
			isa = PBXGroup;
			children = (
				76DB0FBE24248610006CB091 /* model */,
				7640312A242342C900528065 /* storyboards */,
				76DB0FBD242474CF006CB091 /* view */,
				76C37E51241486C3003B66B9 /* AppDelegate.swift */,
				76C37E53241486C3003B66B9 /* SceneDelegate.swift */,
				76C37E5A241486C4003B66B9 /* Assets.xcassets */,
				76C37E5F241486C4003B66B9 /* Info.plist */,
			);
			path = "MemeMe App";
			sourceTree = "<group>";
		};
		76DB0FBD242474CF006CB091 /* view */ = {
			isa = PBXGroup;
			children = (
				76C37E55241486C3003B66B9 /* EditorViewController.swift */,
				76DB0FBB2424748D006CB091 /* TableViewController.swift */,
				76DB0FBF242486A6006CB091 /* TableViewCell.swift */,
				76DB0FE72429AA58006CB091 /* CollectionViewController.swift */,
				76DB0FE92429AA92006CB091 /* CollectionViewCell.swift */,
				7643FDD6242B31A400EE548A /* MemeDetailsViewController.swift */,
			);
			path = view;
			sourceTree = "<group>";
		};
		76DB0FBE24248610006CB091 /* model */ = {
			isa = PBXGroup;
			children = (
				767810302419E74D00D7C0C8 /* Meme.swift */,
			);
			path = model;
			sourceTree = "<group>";
		};
/* End PBXGroup section */

/* Begin PBXNativeTarget section */
		76C37E4D241486C3003B66B9 /* MemeMe App */ = {
			isa = PBXNativeTarget;
			buildConfigurationList = 76C37E62241486C4003B66B9 /* Build configuration list for PBXNativeTarget "MemeMe App" */;
			buildPhases = (
				76C37E4A241486C3003B66B9 /* Sources */,
				76C37E4B241486C3003B66B9 /* Frameworks */,
				76C37E4C241486C3003B66B9 /* Resources */,
				76C37E6624173BD4003B66B9 /* ShellScript */,
			);
			buildRules = (
			);
			dependencies = (
			);
			name = "MemeMe App";
			productName = "MemeMe App";
			productReference = 76C37E4E241486C3003B66B9 /* MemeMe App.app */;
			productType = "com.apple.product-type.application";
		};
/* End PBXNativeTarget section */

/* Begin PBXProject section */
		76C37E46241486C3003B66B9 /* Project object */ = {
			isa = PBXProject;
			attributes = {
				LastSwiftUpdateCheck = 1130;
				LastUpgradeCheck = 1130;
				ORGANIZATIONNAME = Pjcyber;
				TargetAttributes = {
					76C37E4D241486C3003B66B9 = {
						CreatedOnToolsVersion = 11.3;
					};
				};
			};
			buildConfigurationList = 76C37E49241486C3003B66B9 /* Build configuration list for PBXProject "MemeMe App" */;
			compatibilityVersion = "Xcode 9.3";
			developmentRegion = en;
			hasScannedForEncodings = 0;
			knownRegions = (
				en,
				Base,
			);
			mainGroup = 76C37E45241486C3003B66B9;
			productRefGroup = 76C37E4F241486C3003B66B9 /* Products */;
			projectDirPath = "";
			projectRoot = "";
			targets = (
				76C37E4D241486C3003B66B9 /* MemeMe App */,
			);
		};
/* End PBXProject section */

/* Begin PBXResourcesBuildPhase section */
		76C37E4C241486C3003B66B9 /* Resources */ = {
			isa = PBXResourcesBuildPhase;
			buildActionMask = 2147483647;
			files = (
				766672ED242C3CFF0052F1DE /* MemeDetails.storyboard in Resources */,
				76C37E5E241486C4003B66B9 /* LaunchScreen.storyboard in Resources */,
				76C37E5B241486C4003B66B9 /* Assets.xcassets in Resources */,
				7643FDDB242C367800EE548A /* TableView.storyboard in Resources */,
				766672EB242C38740052F1DE /* Main.storyboard in Resources */,
				76A57E3A242343F800F3AACA /* MemeEditor.storyboard in Resources */,
				7643FDD9242C316A00EE548A /* CollectionView.storyboard in Resources */,
			);
			runOnlyForDeploymentPostprocessing = 0;
		};
/* End PBXResourcesBuildPhase section */

/* Begin PBXShellScriptBuildPhase section */
		76C37E6624173BD4003B66B9 /* ShellScript */ = {
			isa = PBXShellScriptBuildPhase;
			buildActionMask = 2147483647;
			files = (
			);
			inputFileListPaths = (
			);
			inputPaths = (
			);
			outputFileListPaths = (
			);
			outputPaths = (
			);
			runOnlyForDeploymentPostprocessing = 0;
			shellPath = /bin/sh;
			shellScript = "
";
		};
/* End PBXShellScriptBuildPhase section */

/* Begin PBXSourcesBuildPhase section */
		76C37E4A241486C3003B66B9 /* Sources */ = {
			isa = PBXSourcesBuildPhase;
			buildActionMask = 2147483647;
			files = (
				76C37E56241486C3003B66B9 /* EditorViewController.swift in Sources */,
				767810312419E74D00D7C0C8 /* Meme.swift in Sources */,
				76DB0FEA2429AA92006CB091 /* CollectionViewCell.swift in Sources */,
				76C37E52241486C3003B66B9 /* AppDelegate.swift in Sources */,
				7643FDD7242B31A400EE548A /* MemeDetailsViewController.swift in Sources */,
				76DB0FC0242486A6006CB091 /* TableViewCell.swift in Sources */,
				76DB0FE82429AA58006CB091 /* CollectionViewController.swift in Sources */,
				76DB0FBC2424748D006CB091 /* TableViewController.swift in Sources */,
				76C37E54241486C3003B66B9 /* SceneDelegate.swift in Sources */,
			);
			runOnlyForDeploymentPostprocessing = 0;
		};
/* End PBXSourcesBuildPhase section */

/* Begin PBXVariantGroup section */
		76C37E5C241486C4003B66B9 /* LaunchScreen.storyboard */ = {
			isa = PBXVariantGroup;
			children = (
				76C37E5D241486C4003B66B9 /* Base */,
			);
			name = LaunchScreen.storyboard;
			sourceTree = "<group>";
		};
/* End PBXVariantGroup section */

/* Begin XCBuildConfiguration section */
		76C37E60241486C4003B66B9 /* Debug */ = {
			isa = XCBuildConfiguration;
			buildSettings = {
				ALWAYS_SEARCH_USER_PATHS = NO;
				CLANG_ANALYZER_NONNULL = YES;
				CLANG_ANALYZER_NUMBER_OBJECT_CONVERSION = YES_AGGRESSIVE;
				CLANG_CXX_LANGUAGE_STANDARD = "gnu++14";
				CLANG_CXX_LIBRARY = "libc++";
				CLANG_ENABLE_MODULES = YES;
				CLANG_ENABLE_OBJC_ARC = YES;
				CLANG_ENABLE_OBJC_WEAK = YES;
				CLANG_WARN_BLOCK_CAPTURE_AUTORELEASING = YES;
				CLANG_WARN_BOOL_CONVERSION = YES;
				CLANG_WARN_COMMA = YES;
				CLANG_WARN_CONSTANT_CONVERSION = YES;
				CLANG_WARN_DEPRECATED_OBJC_IMPLEMENTATIONS = YES;
				CLANG_WARN_DIRECT_OBJC_ISA_USAGE = YES_ERROR;
				CLANG_WARN_DOCUMENTATION_COMMENTS = YES;
				CLANG_WARN_EMPTY_BODY = YES;
				CLANG_WARN_ENUM_CONVERSION = YES;
				CLANG_WARN_INFINITE_RECURSION = YES;
				CLANG_WARN_INT_CONVERSION = YES;
				CLANG_WARN_NON_LITERAL_NULL_CONVERSION = YES;
				CLANG_WARN_OBJC_IMPLICIT_RETAIN_SELF = YES;
				CLANG_WARN_OBJC_LITERAL_CONVERSION = YES;
				CLANG_WARN_OBJC_ROOT_CLASS = YES_ERROR;
				CLANG_WARN_RANGE_LOOP_ANALYSIS = YES;
				CLANG_WARN_STRICT_PROTOTYPES = YES;
				CLANG_WARN_SUSPICIOUS_MOVE = YES;
				CLANG_WARN_UNGUARDED_AVAILABILITY = YES_AGGRESSIVE;
				CLANG_WARN_UNREACHABLE_CODE = YES;
				CLANG_WARN__DUPLICATE_METHOD_MATCH = YES;
				COPY_PHASE_STRIP = NO;
				DEBUG_INFORMATION_FORMAT = dwarf;
				ENABLE_STRICT_OBJC_MSGSEND = YES;
				ENABLE_TESTABILITY = YES;
				GCC_C_LANGUAGE_STANDARD = gnu11;
				GCC_DYNAMIC_NO_PIC = NO;
				GCC_NO_COMMON_BLOCKS = YES;
				GCC_OPTIMIZATION_LEVEL = 0;
				GCC_PREPROCESSOR_DEFINITIONS = (
					"DEBUG=1",
					"$(inherited)",
				);
				GCC_WARN_64_TO_32_BIT_CONVERSION = YES;
				GCC_WARN_ABOUT_RETURN_TYPE = YES_ERROR;
				GCC_WARN_UNDECLARED_SELECTOR = YES;
				GCC_WARN_UNINITIALIZED_AUTOS = YES_AGGRESSIVE;
				GCC_WARN_UNUSED_FUNCTION = YES;
				GCC_WARN_UNUSED_VARIABLE = YES;
				IPHONEOS_DEPLOYMENT_TARGET = 13.2;
				MTL_ENABLE_DEBUG_INFO = INCLUDE_SOURCE;
				MTL_FAST_MATH = YES;
				ONLY_ACTIVE_ARCH = YES;
				SDKROOT = iphoneos;
				SWIFT_ACTIVE_COMPILATION_CONDITIONS = DEBUG;
				SWIFT_OPTIMIZATION_LEVEL = "-Onone";
			};
			name = Debug;
		};
		76C37E61241486C4003B66B9 /* Release */ = {
			isa = XCBuildConfiguration;
			buildSettings = {
				ALWAYS_SEARCH_USER_PATHS = NO;
				CLANG_ANALYZER_NONNULL = YES;
				CLANG_ANALYZER_NUMBER_OBJECT_CONVERSION = YES_AGGRESSIVE;
				CLANG_CXX_LANGUAGE_STANDARD = "gnu++14";
				CLANG_CXX_LIBRARY = "libc++";
				CLANG_ENABLE_MODULES = YES;
				CLANG_ENABLE_OBJC_ARC = YES;
				CLANG_ENABLE_OBJC_WEAK = YES;
				CLANG_WARN_BLOCK_CAPTURE_AUTORELEASING = YES;
				CLANG_WARN_BOOL_CONVERSION = YES;
				CLANG_WARN_COMMA = YES;
				CLANG_WARN_CONSTANT_CONVERSION = YES;
				CLANG_WARN_DEPRECATED_OBJC_IMPLEMENTATIONS = YES;
				CLANG_WARN_DIRECT_OBJC_ISA_USAGE = YES_ERROR;
				CLANG_WARN_DOCUMENTATION_COMMENTS = YES;
				CLANG_WARN_EMPTY_BODY = YES;
				CLANG_WARN_ENUM_CONVERSION = YES;
				CLANG_WARN_INFINITE_RECURSION = YES;
				CLANG_WARN_INT_CONVERSION = YES;
				CLANG_WARN_NON_LITERAL_NULL_CONVERSION = YES;
				CLANG_WARN_OBJC_IMPLICIT_RETAIN_SELF = YES;
				CLANG_WARN_OBJC_LITERAL_CONVERSION = YES;
				CLANG_WARN_OBJC_ROOT_CLASS = YES_ERROR;
				CLANG_WARN_RANGE_LOOP_ANALYSIS = YES;
				CLANG_WARN_STRICT_PROTOTYPES = YES;
				CLANG_WARN_SUSPICIOUS_MOVE = YES;
				CLANG_WARN_UNGUARDED_AVAILABILITY = YES_AGGRESSIVE;
				CLANG_WARN_UNREACHABLE_CODE = YES;
				CLANG_WARN__DUPLICATE_METHOD_MATCH = YES;
				COPY_PHASE_STRIP = NO;
				DEBUG_INFORMATION_FORMAT = "dwarf-with-dsym";
				ENABLE_NS_ASSERTIONS = NO;
				ENABLE_STRICT_OBJC_MSGSEND = YES;
				GCC_C_LANGUAGE_STANDARD = gnu11;
				GCC_NO_COMMON_BLOCKS = YES;
				GCC_WARN_64_TO_32_BIT_CONVERSION = YES;
				GCC_WARN_ABOUT_RETURN_TYPE = YES_ERROR;
				GCC_WARN_UNDECLARED_SELECTOR = YES;
				GCC_WARN_UNINITIALIZED_AUTOS = YES_AGGRESSIVE;
				GCC_WARN_UNUSED_FUNCTION = YES;
				GCC_WARN_UNUSED_VARIABLE = YES;
				IPHONEOS_DEPLOYMENT_TARGET = 13.2;
				MTL_ENABLE_DEBUG_INFO = NO;
				MTL_FAST_MATH = YES;
				SDKROOT = iphoneos;
				SWIFT_COMPILATION_MODE = wholemodule;
				SWIFT_OPTIMIZATION_LEVEL = "-O";
				VALIDATE_PRODUCT = YES;
			};
			name = Release;
		};
		76C37E63241486C4003B66B9 /* Debug */ = {
			isa = XCBuildConfiguration;
			buildSettings = {
				ASSETCATALOG_COMPILER_APPICON_NAME = AppIcon;
				CODE_SIGN_STYLE = Automatic;
				DEVELOPMENT_TEAM = 98D9RGG268;
				INFOPLIST_FILE = "MemeMe App/Info.plist";
				LD_RUNPATH_SEARCH_PATHS = (
					"$(inherited)",
					"@executable_path/Frameworks",
				);
				PRODUCT_BUNDLE_IDENTIFIER = "com.pjcyber.MemeMe-App";
				PRODUCT_NAME = "$(TARGET_NAME)";
				SWIFT_VERSION = 5.0;
				TARGETED_DEVICE_FAMILY = "1,2";
			};
			name = Debug;
		};
		76C37E64241486C4003B66B9 /* Release */ = {
			isa = XCBuildConfiguration;
			buildSettings = {
				ASSETCATALOG_COMPILER_APPICON_NAME = AppIcon;
				CODE_SIGN_STYLE = Automatic;
				DEVELOPMENT_TEAM = 98D9RGG268;
				INFOPLIST_FILE = "MemeMe App/Info.plist";
				LD_RUNPATH_SEARCH_PATHS = (
					"$(inherited)",
					"@executable_path/Frameworks",
				);
				PRODUCT_BUNDLE_IDENTIFIER = "com.pjcyber.MemeMe-App";
				PRODUCT_NAME = "$(TARGET_NAME)";
				SWIFT_VERSION = 5.0;
				TARGETED_DEVICE_FAMILY = "1,2";
			};
			name = Release;
		};
/* End XCBuildConfiguration section */

/* Begin XCConfigurationList section */
		76C37E49241486C3003B66B9 /* Build configuration list for PBXProject "MemeMe App" */ = {
			isa = XCConfigurationList;
			buildConfigurations = (
				76C37E60241486C4003B66B9 /* Debug */,
				76C37E61241486C4003B66B9 /* Release */,
			);
			defaultConfigurationIsVisible = 0;
			defaultConfigurationName = Release;
		};
		76C37E62241486C4003B66B9 /* Build configuration list for PBXNativeTarget "MemeMe App" */ = {
			isa = XCConfigurationList;
			buildConfigurations = (
				76C37E63241486C4003B66B9 /* Debug */,
				76C37E64241486C4003B66B9 /* Release */,
			);
			defaultConfigurationIsVisible = 0;
			defaultConfigurationName = Release;
		};
/* End XCConfigurationList section */
	};
	rootObject = 76C37E46241486C3003B66B9 /* Project object */;
}
